PODS:
  - CYLTabBarController (1.24.2):
    - CYLTabBarController/Core (= 1.24.2)
  - CYLTabBarController/Core (1.24.2)
  - Differentiator (5.0.0)
  - Kingfisher (8.1.0)
  - LookinServer/Core (1.2.8)
  - LookinServer/Swift (1.2.8):
    - LookinServer/Core
  - Masonry (1.1.0)
  - MBProgressHUD (1.2.0)
  - MTCategoryComponent (2.0.1):
    - MTCategoryComponent/Foundation (= 2.0.1)
    - MTCategoryComponent/MBProgessHUD (= 2.0.1)
    - MTCategoryComponent/UIKit (= 2.0.1)
  - MTCategoryComponent/Foundation (2.0.1):
    - MTCategoryComponent/Foundation/Sources (= 2.0.1)
  - MTCategoryComponent/Foundation/Sources (2.0.1)
  - MTCategoryComponent/MBProgessHUD (2.0.1):
    - Masonry
    - MTCategoryComponent/UIKit
  - MTCategoryComponent/UIKit (2.0.1):
    - MTCategoryComponent/UIKit/UIBarButtonItem (= 2.0.1)
    - MTCategoryComponent/UIKit/UIColor (= 2.0.1)
    - MTCategoryComponent/UIKit/UIControl (= 2.0.1)
    - MTCategoryComponent/UIKit/UIFont (= 2.0.1)
    - MTCategoryComponent/UIKit/UIImage (= 2.0.1)
    - MTCategoryComponent/UIKit/UIImageView (= 2.0.1)
    - MTCategoryComponent/UIKit/UIResponder (= 2.0.1)
    - MTCategoryComponent/UIKit/UITableView (= 2.0.1)
    - MTCategoryComponent/UIKit/UITextField (= 2.0.1)
    - MTCategoryComponent/UIKit/UIView (= 2.0.1)
    - MTCategoryComponent/UIKit/UIViewController (= 2.0.1)
    - MTCategoryComponent/UIKit/UIWindow (= 2.0.1)
  - MTCategoryComponent/UIKit/UIBarButtonItem (2.0.1)
  - MTCategoryComponent/UIKit/UIColor (2.0.1)
  - MTCategoryComponent/UIKit/UIControl (2.0.1)
  - MTCategoryComponent/UIKit/UIFont (2.0.1)
  - MTCategoryComponent/UIKit/UIImage (2.0.1):
    - MTCategoryComponent/UIKit/UIColor
    - MTCategoryComponent/UIKit/UIView
  - MTCategoryComponent/UIKit/UIImageView (2.0.1)
  - MTCategoryComponent/UIKit/UIResponder (2.0.1)
  - MTCategoryComponent/UIKit/UITableView (2.0.1)
  - MTCategoryComponent/UIKit/UITextField (2.0.1)
  - MTCategoryComponent/UIKit/UIView (2.0.1):
    - Masonry
    - MTCategoryComponent/UIKit/UIColor
  - MTCategoryComponent/UIKit/UIViewController (2.0.1):
    - MBProgressHUD
    - MTCategoryComponent/UIKit/UIColor
    - Toast
  - MTCategoryComponent/UIKit/UIWindow (2.0.1)
  - RxCocoa (6.5.0):
    - RxRelay (= 6.5.0)
    - RxSwift (= 6.5.0)
  - RxDataSources (5.0.0):
    - Differentiator (~> 5.0)
    - RxCocoa (~> 6.0)
    - RxSwift (~> 6.0)
  - RxGesture (4.0.4):
    - RxCocoa (~> 6.0)
    - RxSwift (~> 6.0)
  - RxRelay (6.5.0):
    - RxSwift (= 6.5.0)
  - RxSwift (6.5.0)
  - SnapKit (4.2.0)
  - STAlbumModule (0.0.1):
    - STAllBase
    - STComponentTools/STRouter
    - STModuleService.swift
  - STAllBase (0.0.1):
    - CYLTabBarController
    - Kingfisher
    - MTCategoryComponent
    - RxCocoa
    - RxDataSources
    - RxGesture
    - RxRelay
    - RxSwift
    - SnapKit
    - STAnnotation
    - STComponentTools
    - STImageCompressTool
    - STModuleService.swift
    - STRoutServiceDefine
    - STRxInOutPutProtocol
  - STAnnotation (0.0.1)
  - STBaseModel (0.0.1)
  - STComponentTools (0.0.5):
    - STComponentTools/STModuleService (= 0.0.5)
    - STComponentTools/STRouter (= 0.0.5)
  - STComponentTools/STModuleService (0.0.5):
    - STAnnotation
  - STComponentTools/STRouter (0.0.5):
    - STAnnotation
  - STImageCompressTool (0.0.1):
    - Kingfisher
    - YYKit
  - STMessageModule (0.0.1):
    - RxCocoa
    - RxSwift
    - SnapKit
    - STAllBase
    - STBaseModel
    - STComponentTools/STRouter
    - STModuleService.swift
  - STModuleService.swift (0.0.1):
    - STComponentTools/STModuleService
  - STPreivewModule (0.0.1):
    - STAllBase
    - STBaseModel
  - STRoutServiceDefine (0.0.1)
  - STRxInOutPutProtocol (0.0.1):
    - RxSwift
  - Toast (4.1.1)
  - YYKit (1.0.9):
    - YYKit/no-arc (= 1.0.9)
  - YYKit/no-arc (1.0.9)

DEPENDENCIES:
  - CYLTabBarController (~> 1.24.0)
  - Kingfisher (= 8.1.0)
  - LookinServer/Swift
  - MTCategoryComponent (from `https://github.com/STTechnology5652/MTCategoryComponent.git`)
  - RxCocoa (~> 6.5.0)
  - RxDataSources
  - RxGesture (~> 4.0.4)
  - RxRelay (~> 6.5.0)
  - RxSwift (~> 6.5.0)
  - SnapKit
  - STAlbumModule (from `../Components/STAlbumModule`)
  - STAllBase (from `../Components/STAllBase`)
  - STAnnotation (from `https://github.com/stephen5652/STAnnotation.git`)
  - STBaseModel (from `../Components/STBaseModel`)
  - STComponentTools (from `https://github.com/STTechnology5652/STComponentTools.git`, tag `0.0.5`)
  - STImageCompressTool (from `../../STImageCompressTool`)
  - STMessageModule (from `../Components/STMessageModule`)
  - STModuleService.swift (from `https://github.com/STTechnology5652/STModuleService.swift.git`)
  - STPreivewModule (from `../Components/STPreivewModule`)
  - STRoutServiceDefine (from `../Components/STRoutServiceDefine`)
  - STRxInOutPutProtocol (from `https://github.com/STTechnology5652/STRxInOutPutProtocol.git`, tag `0.0.1`)

SPEC REPOS:
  https://github.com/CocoaPods/Specs.git:
    - CYLTabBarController
    - Differentiator
    - Kingfisher
    - LookinServer
    - Masonry
    - MBProgressHUD
    - RxCocoa
    - RxDataSources
    - RxGesture
    - RxRelay
    - RxSwift
    - SnapKit
    - Toast
    - YYKit

EXTERNAL SOURCES:
  MTCategoryComponent:
    :git: https://github.com/STTechnology5652/MTCategoryComponent.git
  STAlbumModule:
    :path: "../Components/STAlbumModule"
  STAllBase:
    :path: "../Components/STAllBase"
  STAnnotation:
    :git: https://github.com/stephen5652/STAnnotation.git
  STBaseModel:
    :path: "../Components/STBaseModel"
  STComponentTools:
    :git: https://github.com/STTechnology5652/STComponentTools.git
    :tag: 0.0.5
  STImageCompressTool:
    :path: "../../STImageCompressTool"
  STMessageModule:
    :path: "../Components/STMessageModule"
  STModuleService.swift:
    :git: https://github.com/STTechnology5652/STModuleService.swift.git
  STPreivewModule:
    :path: "../Components/STPreivewModule"
  STRoutServiceDefine:
    :path: "../Components/STRoutServiceDefine"
  STRxInOutPutProtocol:
    :git: https://github.com/STTechnology5652/STRxInOutPutProtocol.git
    :tag: 0.0.1

CHECKOUT OPTIONS:
  MTCategoryComponent:
    :commit: d5efa357419a55913d179da95b6c3d66b7d7c161
    :git: https://github.com/STTechnology5652/MTCategoryComponent.git
  STAnnotation:
    :commit: 87236390460337eb1044958a196b7349ebaa9c0b
    :git: https://github.com/stephen5652/STAnnotation.git
  STComponentTools:
    :git: https://github.com/STTechnology5652/STComponentTools.git
    :tag: 0.0.5
  STModuleService.swift:
    :commit: fa478f156073d50ca0b5f86dccb0e8748d6f128a
    :git: https://github.com/STTechnology5652/STModuleService.swift.git
  STRxInOutPutProtocol:
    :git: https://github.com/STTechnology5652/STRxInOutPutProtocol.git
    :tag: 0.0.1

SPEC CHECKSUMS:
  CYLTabBarController: e7440ad0992edfb8ac14a6c793f43aa636c5cba5
  Differentiator: e8497ceab83c1b10ca233716d547b9af21b9344d
  Kingfisher: dfbf20b6249ed4ef6f18d6a96c847bce860bdb95
  LookinServer: 1b2b61c6402ae29fa22182d48f5cd067b4e99e80
  Masonry: 678fab65091a9290e40e2832a55e7ab731aad201
  MBProgressHUD: 3ee5efcc380f6a79a7cc9b363dd669c5e1ae7406
  MTCategoryComponent: 4a4a34e58b9504703a321b92c6f20e77b3922b98
  RxCocoa: 94f817b71c07517321eb4f9ad299112ca8af743b
  RxDataSources: aa47cc1ed6c500fa0dfecac5c979b723542d79cf
  RxGesture: f3efb47ed2d26a8082f7b660d4a59970e275a7f8
  RxRelay: 1de1523e604c72b6c68feadedd1af3b1b4d0ecbd
  RxSwift: 5710a9e6b17f3c3d6e40d6e559b9fa1e813b2ef8
  SnapKit: fe8a619752f3f27075cc9a90244d75c6c3f27e2a
  STAlbumModule: c2002c91d7b8d892828c1edcacc8701fd5c17c84
  STAllBase: 29b6da9a3f30904760a329c68858abfdd605b0c3
  STAnnotation: 6a643e7da657f4e9176f2cce2df4d1d1f7697a91
  STBaseModel: 70f3237a0556a05f1e5bd5e8fe471af583f0090f
  STComponentTools: ca1aa401d7b8a47a99cd0ce8c85ad81499fa1409
  STImageCompressTool: c23a1737b76bd08154edadff932eee395dfd1582
  STMessageModule: c1126d2d198994420eca84f36f534399dfb2fa81
  STModuleService.swift: 2d12d375ea036657258959ee90db9789555dcd40
  STPreivewModule: 0a439f38c7f8c2b1977d930029ab01c7d2f335a2
  STRoutServiceDefine: efab74c12edb3c7b196d9273091507629b47bfce
  STRxInOutPutProtocol: 503e63f24b3d1678badf57a9ba72de4e5e0f01c6
  Toast: 1f5ea13423a1e6674c4abdac5be53587ae481c4e
  YYKit: 7cda43304a8dc3696c449041e2cb3107b4e236e7

PODFILE CHECKSUM: cab37c4c728d38ddfe29350fba235c6fa7fe7c0a

COCOAPODS: 1.14.3
